
Microsoft Visual Studio Solution File, Format Version 12.00
# Visual Studio Version 17
VisualStudioVersion = 17.5.2.0
MinimumVisualStudioVersion = 10.0.40219.1
Project("{FAE04EC0-301F-11D3-BF4B-00C04F79EFBC}") = "Lab1", "Lab1\Lab1.csproj", "{4C38379F-6B46-EF58-4F1F-EC66EF1F7497}"
EndProject
Project("{FAE04EC0-301F-11D3-BF4B-00C04F79EFBC}") = "Lab2", "Lab2\Lab2.csproj", "{F319D487-73D8-7112-8F5F-41EC036A539B}"
EndProject
Project("{FAE04EC0-301F-11D3-BF4B-00C04F79EFBC}") = "Lab3", "Lab3\Lab3.csproj", "{9662DA7B-6278-4483-AED0-A3965531FD4F}"
EndProject
Project("{FAE04EC0-301F-11D3-BF4B-00C04F79EFBC}") = "Lab4", "Lab4\Lab4.csproj", "{764CD01B-291B-48A6-B986-FF3C4D5A08D1}"
EndProject
Project("{FAE04EC0-301F-11D3-BF4B-00C04F79EFBC}") = "Lab5", "Lab5\Lab5.csproj", "{65932068-B1DB-4BE8-A27C-75811243DD73}"
EndProject
Project("{FAE04EC0-301F-11D3-BF4B-00C04F79EFBC}") = "Lab6", "Lab6\Lab6.csproj", "{BFFE356B-0D73-4463-8087-6062EE83029E}"
EndProject
Project("{FAE04EC0-301F-11D3-BF4B-00C04F79EFBC}") = "Lab7", "Lab7\Lab7.csproj", "{93F820A9-39FD-4F87-8887-79423BF8A0F3}"
EndProject
Global
	GlobalSection(SolutionConfigurationPlatforms) = preSolution
		Debug|Any CPU = Debug|Any CPU
		Debug|x64 = Debug|x64
		Debug|x86 = Debug|x86
		Release|Any CPU = Release|Any CPU
		Release|x64 = Release|x64
		Release|x86 = Release|x86
	EndGlobalSection
	GlobalSection(ProjectConfigurationPlatforms) = postSolution
		{4C38379F-6B46-EF58-4F1F-EC66EF1F7497}.Debug|Any CPU.ActiveCfg = Debug|Any CPU
		{4C38379F-6B46-EF58-4F1F-EC66EF1F7497}.Debug|Any CPU.Build.0 = Debug|Any CPU
		{4C38379F-6B46-EF58-4F1F-EC66EF1F7497}.Debug|x64.ActiveCfg = Debug|Any CPU
		{4C38379F-6B46-EF58-4F1F-EC66EF1F7497}.Debug|x64.Build.0 = Debug|Any CPU
		{4C38379F-6B46-EF58-4F1F-EC66EF1F7497}.Debug|x86.ActiveCfg = Debug|Any CPU
		{4C38379F-6B46-EF58-4F1F-EC66EF1F7497}.Debug|x86.Build.0 = Debug|Any CPU
		{4C38379F-6B46-EF58-4F1F-EC66EF1F7497}.Release|Any CPU.ActiveCfg = Release|Any CPU
		{4C38379F-6B46-EF58-4F1F-EC66EF1F7497}.Release|Any CPU.Build.0 = Release|Any CPU
		{4C38379F-6B46-EF58-4F1F-EC66EF1F7497}.Release|x64.ActiveCfg = Release|Any CPU
		{4C38379F-6B46-EF58-4F1F-EC66EF1F7497}.Release|x64.Build.0 = Release|Any CPU
		{4C38379F-6B46-EF58-4F1F-EC66EF1F7497}.Release|x86.ActiveCfg = Release|Any CPU
		{4C38379F-6B46-EF58-4F1F-EC66EF1F7497}.Release|x86.Build.0 = Release|Any CPU
		{F319D487-73D8-7112-8F5F-41EC036A539B}.Debug|Any CPU.ActiveCfg = Debug|Any CPU
		{F319D487-73D8-7112-8F5F-41EC036A539B}.Debug|Any CPU.Build.0 = Debug|Any CPU
		{F319D487-73D8-7112-8F5F-41EC036A539B}.Debug|x64.ActiveCfg = Debug|Any CPU
		{F319D487-73D8-7112-8F5F-41EC036A539B}.Debug|x64.Build.0 = Debug|Any CPU
		{F319D487-73D8-7112-8F5F-41EC036A539B}.Debug|x86.ActiveCfg = Debug|Any CPU
		{F319D487-73D8-7112-8F5F-41EC036A539B}.Debug|x86.Build.0 = Debug|Any CPU
		{F319D487-73D8-7112-8F5F-41EC036A539B}.Release|Any CPU.ActiveCfg = Release|Any CPU
		{F319D487-73D8-7112-8F5F-41EC036A539B}.Release|Any CPU.Build.0 = Release|Any CPU
		{F319D487-73D8-7112-8F5F-41EC036A539B}.Release|x64.ActiveCfg = Release|Any CPU
		{F319D487-73D8-7112-8F5F-41EC036A539B}.Release|x64.Build.0 = Release|Any CPU
		{F319D487-73D8-7112-8F5F-41EC036A539B}.Release|x86.ActiveCfg = Release|Any CPU
		{F319D487-73D8-7112-8F5F-41EC036A539B}.Release|x86.Build.0 = Release|Any CPU
		{9662DA7B-6278-4483-AED0-A3965531FD4F}.Debug|Any CPU.ActiveCfg = Debug|Any CPU
		{9662DA7B-6278-4483-AED0-A3965531FD4F}.Debug|Any CPU.Build.0 = Debug|Any CPU
		{9662DA7B-6278-4483-AED0-A3965531FD4F}.Debug|x64.ActiveCfg = Debug|Any CPU
		{9662DA7B-6278-4483-AED0-A3965531FD4F}.Debug|x64.Build.0 = Debug|Any CPU
		{9662DA7B-6278-4483-AED0-A3965531FD4F}.Debug|x86.ActiveCfg = Debug|Any CPU
		{9662DA7B-6278-4483-AED0-A3965531FD4F}.Debug|x86.Build.0 = Debug|Any CPU
		{9662DA7B-6278-4483-AED0-A3965531FD4F}.Release|Any CPU.ActiveCfg = Release|Any CPU
		{9662DA7B-6278-4483-AED0-A3965531FD4F}.Release|Any CPU.Build.0 = Release|Any CPU
		{9662DA7B-6278-4483-AED0-A3965531FD4F}.Release|x64.ActiveCfg = Release|Any CPU
		{9662DA7B-6278-4483-AED0-A3965531FD4F}.Release|x64.Build.0 = Release|Any CPU
		{9662DA7B-6278-4483-AED0-A3965531FD4F}.Release|x86.ActiveCfg = Release|Any CPU
		{9662DA7B-6278-4483-AED0-A3965531FD4F}.Release|x86.Build.0 = Release|Any CPU
		{764CD01B-291B-48A6-B986-FF3C4D5A08D1}.Debug|Any CPU.ActiveCfg = Debug|Any CPU
		{764CD01B-291B-48A6-B986-FF3C4D5A08D1}.Debug|Any CPU.Build.0 = Debug|Any CPU
		{764CD01B-291B-48A6-B986-FF3C4D5A08D1}.Debug|x64.ActiveCfg = Debug|Any CPU
		{764CD01B-291B-48A6-B986-FF3C4D5A08D1}.Debug|x64.Build.0 = Debug|Any CPU
		{764CD01B-291B-48A6-B986-FF3C4D5A08D1}.Debug|x86.ActiveCfg = Debug|Any CPU
		{764CD01B-291B-48A6-B986-FF3C4D5A08D1}.Debug|x86.Build.0 = Debug|Any CPU
		{764CD01B-291B-48A6-B986-FF3C4D5A08D1}.Release|Any CPU.ActiveCfg = Release|Any CPU
		{764CD01B-291B-48A6-B986-FF3C4D5A08D1}.Release|Any CPU.Build.0 = Release|Any CPU
		{764CD01B-291B-48A6-B986-FF3C4D5A08D1}.Release|x64.ActiveCfg = Release|Any CPU
		{764CD01B-291B-48A6-B986-FF3C4D5A08D1}.Release|x64.Build.0 = Release|Any CPU
		{764CD01B-291B-48A6-B986-FF3C4D5A08D1}.Release|x86.ActiveCfg = Release|Any CPU
		{764CD01B-291B-48A6-B986-FF3C4D5A08D1}.Release|x86.Build.0 = Release|Any CPU
		{65932068-B1DB-4BE8-A27C-75811243DD73}.Debug|Any CPU.ActiveCfg = Debug|Any CPU
		{65932068-B1DB-4BE8-A27C-75811243DD73}.Debug|Any CPU.Build.0 = Debug|Any CPU
		{65932068-B1DB-4BE8-A27C-75811243DD73}.Debug|x64.ActiveCfg = Debug|Any CPU
		{65932068-B1DB-4BE8-A27C-75811243DD73}.Debug|x64.Build.0 = Debug|Any CPU
		{65932068-B1DB-4BE8-A27C-75811243DD73}.Debug|x86.ActiveCfg = Debug|Any CPU
		{65932068-B1DB-4BE8-A27C-75811243DD73}.Debug|x86.Build.0 = Debug|Any CPU
		{65932068-B1DB-4BE8-A27C-75811243DD73}.Release|Any CPU.ActiveCfg = Release|Any CPU
		{65932068-B1DB-4BE8-A27C-75811243DD73}.Release|Any CPU.Build.0 = Release|Any CPU
		{65932068-B1DB-4BE8-A27C-75811243DD73}.Release|x64.ActiveCfg = Release|Any CPU
		{65932068-B1DB-4BE8-A27C-75811243DD73}.Release|x64.Build.0 = Release|Any CPU
		{65932068-B1DB-4BE8-A27C-75811243DD73}.Release|x86.ActiveCfg = Release|Any CPU
		{65932068-B1DB-4BE8-A27C-75811243DD73}.Release|x86.Build.0 = Release|Any CPU
		{BFFE356B-0D73-4463-8087-6062EE83029E}.Debug|Any CPU.ActiveCfg = Debug|Any CPU
		{BFFE356B-0D73-4463-8087-6062EE83029E}.Debug|Any CPU.Build.0 = Debug|Any CPU
		{BFFE356B-0D73-4463-8087-6062EE83029E}.Debug|x64.ActiveCfg = Debug|Any CPU
		{BFFE356B-0D73-4463-8087-6062EE83029E}.Debug|x64.Build.0 = Debug|Any CPU
		{BFFE356B-0D73-4463-8087-6062EE83029E}.Debug|x86.ActiveCfg = Debug|Any CPU
		{BFFE356B-0D73-4463-8087-6062EE83029E}.Debug|x86.Build.0 = Debug|Any CPU
		{BFFE356B-0D73-4463-8087-6062EE83029E}.Release|Any CPU.ActiveCfg = Release|Any CPU
		{BFFE356B-0D73-4463-8087-6062EE83029E}.Release|Any CPU.Build.0 = Release|Any CPU
		{BFFE356B-0D73-4463-8087-6062EE83029E}.Release|x64.ActiveCfg = Release|Any CPU
		{BFFE356B-0D73-4463-8087-6062EE83029E}.Release|x64.Build.0 = Release|Any CPU
		{BFFE356B-0D73-4463-8087-6062EE83029E}.Release|x86.ActiveCfg = Release|Any CPU
		{BFFE356B-0D73-4463-8087-6062EE83029E}.Release|x86.Build.0 = Release|Any CPU
		{93F820A9-39FD-4F87-8887-79423BF8A0F3}.Debug|Any CPU.ActiveCfg = Debug|Any CPU
		{93F820A9-39FD-4F87-8887-79423BF8A0F3}.Debug|Any CPU.Build.0 = Debug|Any CPU
		{93F820A9-39FD-4F87-8887-79423BF8A0F3}.Debug|x64.ActiveCfg = Debug|Any CPU
		{93F820A9-39FD-4F87-8887-79423BF8A0F3}.Debug|x64.Build.0 = Debug|Any CPU
		{93F820A9-39FD-4F87-8887-79423BF8A0F3}.Debug|x86.ActiveCfg = Debug|Any CPU
		{93F820A9-39FD-4F87-8887-79423BF8A0F3}.Debug|x86.Build.0 = Debug|Any CPU
		{93F820A9-39FD-4F87-8887-79423BF8A0F3}.Release|Any CPU.ActiveCfg = Release|Any CPU
		{93F820A9-39FD-4F87-8887-79423BF8A0F3}.Release|Any CPU.Build.0 = Release|Any CPU
		{93F820A9-39FD-4F87-8887-79423BF8A0F3}.Release|x64.ActiveCfg = Release|Any CPU
		{93F820A9-39FD-4F87-8887-79423BF8A0F3}.Release|x64.Build.0 = Release|Any CPU
		{93F820A9-39FD-4F87-8887-79423BF8A0F3}.Release|x86.ActiveCfg = Release|Any CPU
		{93F820A9-39FD-4F87-8887-79423BF8A0F3}.Release|x86.Build.0 = Release|Any CPU
	EndGlobalSection
	GlobalSection(SolutionProperties) = preSolution
		HideSolutionNode = FALSE
	EndGlobalSection
	GlobalSection(ExtensibilityGlobals) = postSolution
		SolutionGuid = {4A03E543-8648-466E-81F6-681CBD8D2AC7}
	EndGlobalSection
EndGlobal
